// !$*UTF8*$!
{
	archiveVersion = 1;
	classes = {
	};
	objectVersion = 51;
	objects = {

/* Begin PBXBuildFile section */
		6D1C5F3524290E4B00211B0D /* Reverser.storyboard in Resources */ = {isa = PBXBuildFile; fileRef = 6D1C5F3424290E4B00211B0D /* Reverser.storyboard */; };
		6D1C5F372429148600211B0D /* ReverseControl.swift in Sources */ = {isa = PBXBuildFile; fileRef = 6D1C5F362429148600211B0D /* ReverseControl.swift */; };
		6D1C5F3A2429180D00211B0D /* stringAlgos.swift in Sources */ = {isa = PBXBuildFile; fileRef = 6D1C5F392429180D00211B0D /* stringAlgos.swift */; };
		6D7056AC2417338A007E7B6B /* Pythagoras.storyboard in Resources */ = {isa = PBXBuildFile; fileRef = 6D7056AB2417338A007E7B6B /* Pythagoras.storyboard */; };
		6D7056AE241733B1007E7B6B /* Main.storyboard in Resources */ = {isa = PBXBuildFile; fileRef = 6D7056AD241733B1007E7B6B /* Main.storyboard */; };
		6D7DA4E724168C4600533201 /* AppDelegate.swift in Sources */ = {isa = PBXBuildFile; fileRef = 6D7DA4E624168C4600533201 /* AppDelegate.swift */; };
		6D7DA4E924168C4600533201 /* SceneDelegate.swift in Sources */ = {isa = PBXBuildFile; fileRef = 6D7DA4E824168C4600533201 /* SceneDelegate.swift */; };
		6D7DA4EB24168C4600533201 /* PythagControl.swift in Sources */ = {isa = PBXBuildFile; fileRef = 6D7DA4EA24168C4600533201 /* PythagControl.swift */; };
		6D7DA4F024168C4800533201 /* Assets.xcassets in Resources */ = {isa = PBXBuildFile; fileRef = 6D7DA4EF24168C4800533201 /* Assets.xcassets */; };
		6D7DA4F324168C4800533201 /* LaunchScreen.storyboard in Resources */ = {isa = PBXBuildFile; fileRef = 6D7DA4F124168C4800533201 /* LaunchScreen.storyboard */; };
		BA697540559BF63F2A8F3F99 /* Pods_SwiftPortfolio.framework in Frameworks */ = {isa = PBXBuildFile; fileRef = 6C96B4DBCCDB67BFCC41E528 /* Pods_SwiftPortfolio.framework */; };
/* End PBXBuildFile section */

/* Begin PBXFileReference section */
		6C96B4DBCCDB67BFCC41E528 /* Pods_SwiftPortfolio.framework */ = {isa = PBXFileReference; explicitFileType = wrapper.framework; includeInIndex = 0; path = Pods_SwiftPortfolio.framework; sourceTree = BUILT_PRODUCTS_DIR; };
		6D1C5F3424290E4B00211B0D /* Reverser.storyboard */ = {isa = PBXFileReference; lastKnownFileType = file.storyboard; path = Reverser.storyboard; sourceTree = "<group>"; };
		6D1C5F362429148600211B0D /* ReverseControl.swift */ = {isa = PBXFileReference; fileEncoding = 4; lastKnownFileType = sourcecode.swift; path = ReverseControl.swift; sourceTree = "<group>"; };
		6D1C5F392429180D00211B0D /* stringAlgos.swift */ = {isa = PBXFileReference; lastKnownFileType = sourcecode.swift; path = stringAlgos.swift; sourceTree = "<group>"; };
		6D7056AB2417338A007E7B6B /* Pythagoras.storyboard */ = {isa = PBXFileReference; fileEncoding = 4; lastKnownFileType = file.storyboard; path = Pythagoras.storyboard; sourceTree = "<group>"; };
		6D7056AD241733B1007E7B6B /* Main.storyboard */ = {isa = PBXFileReference; fileEncoding = 4; lastKnownFileType = file.storyboard; path = Main.storyboard; sourceTree = "<group>"; };
		6D7DA4E324168C4600533201 /* SwiftPortfolio.app */ = {isa = PBXFileReference; explicitFileType = wrapper.application; includeInIndex = 0; path = SwiftPortfolio.app; sourceTree = BUILT_PRODUCTS_DIR; };
		6D7DA4E624168C4600533201 /* AppDelegate.swift */ = {isa = PBXFileReference; lastKnownFileType = sourcecode.swift; path = AppDelegate.swift; sourceTree = "<group>"; };
		6D7DA4E824168C4600533201 /* SceneDelegate.swift */ = {isa = PBXFileReference; lastKnownFileType = sourcecode.swift; path = SceneDelegate.swift; sourceTree = "<group>"; };
		6D7DA4EA24168C4600533201 /* PythagControl.swift */ = {isa = PBXFileReference; lastKnownFileType = sourcecode.swift; path = PythagControl.swift; sourceTree = "<group>"; };
		6D7DA4EF24168C4800533201 /* Assets.xcassets */ = {isa = PBXFileReference; lastKnownFileType = folder.assetcatalog; path = Assets.xcassets; sourceTree = "<group>"; };
		6D7DA4F224168C4800533201 /* Base */ = {isa = PBXFileReference; lastKnownFileType = file.storyboard; name = Base; path = Base.lproj/LaunchScreen.storyboard; sourceTree = "<group>"; };
		6D7DA4F424168C4800533201 /* Info.plist */ = {isa = PBXFileReference; lastKnownFileType = text.plist.xml; path = Info.plist; sourceTree = "<group>"; };
		BB24C0E3173275C0B9B136B7 /* Pods-SwiftPortfolio.release.xcconfig */ = {isa = PBXFileReference; includeInIndex = 1; lastKnownFileType = text.xcconfig; name = "Pods-SwiftPortfolio.release.xcconfig"; path = "Target Support Files/Pods-SwiftPortfolio/Pods-SwiftPortfolio.release.xcconfig"; sourceTree = "<group>"; };
		BE3484BEE5D93216C41BC962 /* Pods-SwiftPortfolio.debug.xcconfig */ = {isa = PBXFileReference; includeInIndex = 1; lastKnownFileType = text.xcconfig; name = "Pods-SwiftPortfolio.debug.xcconfig"; path = "Target Support Files/Pods-SwiftPortfolio/Pods-SwiftPortfolio.debug.xcconfig"; sourceTree = "<group>"; };
/* End PBXFileReference section */

/* Begin PBXFrameworksBuildPhase section */
		6D7DA4E024168C4600533201 /* Frameworks */ = {
			isa = PBXFrameworksBuildPhase;
			buildActionMask = 2147483647;
			files = (
				BA697540559BF63F2A8F3F99 /* Pods_SwiftPortfolio.framework in Frameworks */,
			);
			runOnlyForDeploymentPostprocessing = 0;
		};
/* End PBXFrameworksBuildPhase section */

/* Begin PBXGroup section */
		6D1C5F382429178D00211B0D /* Control */ = {
			isa = PBXGroup;
			children = (
				6D1C5F392429180D00211B0D /* stringAlgos.swift */,
			);
			path = Control;
			sourceTree = "<group>";
		};
		6D7056A82416900A007E7B6B /* Model */ = {
			isa = PBXGroup;
			children = (
			);
			path = Model;
			sourceTree = "<group>";
		};
		6D7056A924169025007E7B6B /* View */ = {
			isa = PBXGroup;
			children = (
				6D7DA4EF24168C4800533201 /* Assets.xcassets */,
				6D7DA4F124168C4800533201 /* LaunchScreen.storyboard */,
				6D7056AD241733B1007E7B6B /* Main.storyboard */,
				6D7056AB2417338A007E7B6B /* Pythagoras.storyboard */,
				6D1C5F3424290E4B00211B0D /* Reverser.storyboard */,
			);
			path = View;
			sourceTree = "<group>";
		};
		6D7056AA2416904E007E7B6B /* ViewControl */ = {
			isa = PBXGroup;
			children = (
				6D7DA4EA24168C4600533201 /* PythagControl.swift */,
				6D1C5F362429148600211B0D /* ReverseControl.swift */,
				6D7DA4E624168C4600533201 /* AppDelegate.swift */,
				6D7DA4E824168C4600533201 /* SceneDelegate.swift */,
			);
			path = ViewControl;
			sourceTree = "<group>";
		};
		6D7DA4DA24168C4600533201 = {
			isa = PBXGroup;
			children = (
				6D7DA4E524168C4600533201 /* SwiftPortfolio */,
				6D7DA4E424168C4600533201 /* Products */,
				8C4383C7C01849FABCAC96CF /* Pods */,
				9C829C94E70B454469B8016B /* Frameworks */,
			);
			sourceTree = "<group>";
		};
		6D7DA4E424168C4600533201 /* Products */ = {
			isa = PBXGroup;
			children = (
				6D7DA4E324168C4600533201 /* SwiftPortfolio.app */,
			);
			name = Products;
			sourceTree = "<group>";
		};
		6D7DA4E524168C4600533201 /* SwiftPortfolio */ = {
			isa = PBXGroup;
			children = (
				6D7DA4F424168C4800533201 /* Info.plist */,
				6D7056A82416900A007E7B6B /* Model */,
				6D7056A924169025007E7B6B /* View */,
				6D7056AA2416904E007E7B6B /* ViewControl */,
				6D1C5F382429178D00211B0D /* Control */,
			);
			path = SwiftPortfolio;
			sourceTree = "<group>";
		};
		8C4383C7C01849FABCAC96CF /* Pods */ = {
			isa = PBXGroup;
			children = (
				BE3484BEE5D93216C41BC962 /* Pods-SwiftPortfolio.debug.xcconfig */,
				BB24C0E3173275C0B9B136B7 /* Pods-SwiftPortfolio.release.xcconfig */,
			);
			path = Pods;
			sourceTree = "<group>";
		};
		9C829C94E70B454469B8016B /* Frameworks */ = {
			isa = PBXGroup;
			children = (
				6C96B4DBCCDB67BFCC41E528 /* Pods_SwiftPortfolio.framework */,
			);
			name = Frameworks;
			sourceTree = "<group>";
		};
/* End PBXGroup section */

/* Begin PBXNativeTarget section */
		6D7DA4E224168C4600533201 /* SwiftPortfolio */ = {
			isa = PBXNativeTarget;
			buildConfigurationList = 6D7DA4F724168C4800533201 /* Build configuration list for PBXNativeTarget "SwiftPortfolio" */;
			buildPhases = (
				6CCC8E963424744A16CBDEB0 /* [CP] Check Pods Manifest.lock */,
				6D7DA4DF24168C4600533201 /* Sources */,
				6D7DA4E024168C4600533201 /* Frameworks */,
				6D7DA4E124168C4600533201 /* Resources */,
				0B105A4F084D9B8B84B9A9E0 /* [CP] Embed Pods Frameworks */,
			);
			buildRules = (
			);
			dependencies = (
			);
			name = SwiftPortfolio;
			productName = SwiftPortfolio;
			productReference = 6D7DA4E324168C4600533201 /* SwiftPortfolio.app */;
			productType = "com.apple.product-type.application";
		};
/* End PBXNativeTarget section */

/* Begin PBXProject section */
		6D7DA4DB24168C4600533201 /* Project object */ = {
			isa = PBXProject;
			attributes = {
				LastSwiftUpdateCheck = 1130;
				LastUpgradeCheck = 1130;
				ORGANIZATIONNAME = JM;
				TargetAttributes = {
					6D7DA4E224168C4600533201 = {
						CreatedOnToolsVersion = 11.3.1;
					};
				};
			};
			buildConfigurationList = 6D7DA4DE24168C4600533201 /* Build configuration list for PBXProject "SwiftPortfolio" */;
			compatibilityVersion = "Xcode 9.3";
			developmentRegion = en;
			hasScannedForEncodings = 0;
			knownRegions = (
				en,
				Base,
			);
			mainGroup = 6D7DA4DA24168C4600533201;
			productRefGroup = 6D7DA4E424168C4600533201 /* Products */;
			projectDirPath = "";
			projectRoot = "";
			targets = (
				6D7DA4E224168C4600533201 /* SwiftPortfolio */,
			);
		};
/* End PBXProject section */

/* Begin PBXResourcesBuildPhase section */
		6D7DA4E124168C4600533201 /* Resources */ = {
			isa = PBXResourcesBuildPhase;
			buildActionMask = 2147483647;
			files = (
				6D7DA4F324168C4800533201 /* LaunchScreen.storyboard in Resources */,
				6D7056AE241733B1007E7B6B /* Main.storyboard in Resources */,
				6D7DA4F024168C4800533201 /* Assets.xcassets in Resources */,
				6D1C5F3524290E4B00211B0D /* Reverser.storyboard in Resources */,
				6D7056AC2417338A007E7B6B /* Pythagoras.storyboard in Resources */,
			);
			runOnlyForDeploymentPostprocessing = 0;
		};
/* End PBXResourcesBuildPhase section */

/* Begin PBXShellScriptBuildPhase section */
		0B105A4F084D9B8B84B9A9E0 /* [CP] Embed Pods Frameworks */ = {
			isa = PBXShellScriptBuildPhase;
			buildActionMask = 2147483647;
			files = (
			);
			inputFileListPaths = (
				"${PODS_ROOT}/Target Support Files/Pods-SwiftPortfolio/Pods-SwiftPortfolio-frameworks-${CONFIGURATION}-input-files.xcfilelist",
			);
			name = "[CP] Embed Pods Frameworks";
			outputFileListPaths = (
				"${PODS_ROOT}/Target Support Files/Pods-SwiftPortfolio/Pods-SwiftPortfolio-frameworks-${CONFIGURATION}-output-files.xcfilelist",
			);
			runOnlyForDeploymentPostprocessing = 0;
			shellPath = /bin/sh;
			shellScript = "\"${PODS_ROOT}/Target Support Files/Pods-SwiftPortfolio/Pods-SwiftPortfolio-frameworks.sh\"\n";
			showEnvVarsInLog = 0;
		};
		6CCC8E963424744A16CBDEB0 /* [CP] Check Pods Manifest.lock */ = {
			isa = PBXShellScriptBuildPhase;
			buildActionMask = 2147483647;
			files = (
			);
			inputFileListPaths = (
			);
			inputPaths = (
				"${PODS_PODFILE_DIR_PATH}/Podfile.lock",
				"${PODS_ROOT}/Manifest.lock",
			);
			name = "[CP] Check Pods Manifest.lock";
			outputFileListPaths = (
			);
			outputPaths = (
				"$(DERIVED_FILE_DIR)/Pods-SwiftPortfolio-checkManifestLockResult.txt",
			);
			runOnlyForDeploymentPostprocessing = 0;
			shellPath = /bin/sh;
			shellScript = "diff \"${PODS_PODFILE_DIR_PATH}/Podfile.lock\" \"${PODS_ROOT}/Manifest.lock\" > /dev/null\nif [ $? != 0 ] ; then\n    # print error to STDERR\n    echo \"error: The sandbox is not in sync with the Podfile.lock. Run 'pod install' or update your CocoaPods installation.\" >&2\n    exit 1\nfi\n# This output is used by Xcode 'outputs' to avoid re-running this script phase.\necho \"SUCCESS\" > \"${SCRIPT_OUTPUT_FILE_0}\"\n";
			showEnvVarsInLog = 0;
		};
/* End PBXShellScriptBuildPhase section */

/* Begin PBXSourcesBuildPhase section */
		6D7DA4DF24168C4600533201 /* Sources */ = {
			isa = PBXSourcesBuildPhase;
			buildActionMask = 2147483647;
			files = (
				6D1C5F372429148600211B0D /* ReverseControl.swift in Sources */,
				6D7DA4EB24168C4600533201 /* PythagControl.swift in Sources */,
				6D7DA4E724168C4600533201 /* AppDelegate.swift in Sources */,
				6D1C5F3A2429180D00211B0D /* stringAlgos.swift in Sources */,
				6D7DA4E924168C4600533201 /* SceneDelegate.swift in Sources */,
			);
			runOnlyForDeploymentPostprocessing = 0;
		};
/* End PBXSourcesBuildPhase section */

/* Begin PBXVariantGroup section */
		6D7DA4F124168C4800533201 /* LaunchScreen.storyboard */ = {
			isa = PBXVariantGroup;
			children = (
				6D7DA4F224168C4800533201 /* Base */,
			);
			name = LaunchScreen.storyboard;
			sourceTree = "<group>";
		};
/* End PBXVariantGroup section */

/* Begin XCBuildConfiguration section */
		6D7DA4F524168C4800533201 /* Debug */ = {
			isa = XCBuildConfiguration;
			buildSettings = {
				ALWAYS_SEARCH_USER_PATHS = NO;
				CLANG_ANALYZER_NONNULL = YES;
				CLANG_ANALYZER_NUMBER_OBJECT_CONVERSION = YES_AGGRESSIVE;
				CLANG_CXX_LANGUAGE_STANDARD = "gnu++14";
				CLANG_CXX_LIBRARY = "libc++";
				CLANG_ENABLE_MODULES = YES;
				CLANG_ENABLE_OBJC_ARC = YES;
				CLANG_ENABLE_OBJC_WEAK = YES;
				CLANG_WARN_BLOCK_CAPTURE_AUTORELEASING = YES;
				CLANG_WARN_BOOL_CONVERSION = YES;
				CLANG_WARN_COMMA = YES;
				CLANG_WARN_CONSTANT_CONVERSION = YES;
				CLANG_WARN_DEPRECATED_OBJC_IMPLEMENTATIONS = YES;
				CLANG_WARN_DIRECT_OBJC_ISA_USAGE = YES_ERROR;
				CLANG_WARN_DOCUMENTATION_COMMENTS = YES;
				CLANG_WARN_EMPTY_BODY = YES;
				CLANG_WARN_ENUM_CONVERSION = YES;
				CLANG_WARN_INFINITE_RECURSION = YES;
				CLANG_WARN_INT_CONVERSION = YES;
				CLANG_WARN_NON_LITERAL_NULL_CONVERSION = YES;
				CLANG_WARN_OBJC_IMPLICIT_RETAIN_SELF = YES;
				CLANG_WARN_OBJC_LITERAL_CONVERSION = YES;
				CLANG_WARN_OBJC_ROOT_CLASS = YES_ERROR;
				CLANG_WARN_RANGE_LOOP_ANALYSIS = YES;
				CLANG_WARN_STRICT_PROTOTYPES = YES;
				CLANG_WARN_SUSPICIOUS_MOVE = YES;
				CLANG_WARN_UNGUARDED_AVAILABILITY = YES_AGGRESSIVE;
				CLANG_WARN_UNREACHABLE_CODE = YES;
				CLANG_WARN__DUPLICATE_METHOD_MATCH = YES;
				COPY_PHASE_STRIP = NO;
				DEBUG_INFORMATION_FORMAT = dwarf;
				ENABLE_STRICT_OBJC_MSGSEND = YES;
				ENABLE_TESTABILITY = YES;
				GCC_C_LANGUAGE_STANDARD = gnu11;
				GCC_DYNAMIC_NO_PIC = NO;
				GCC_NO_COMMON_BLOCKS = YES;
				GCC_OPTIMIZATION_LEVEL = 0;
				GCC_PREPROCESSOR_DEFINITIONS = (
					"DEBUG=1",
					"$(inherited)",
				);
				GCC_WARN_64_TO_32_BIT_CONVERSION = YES;
				GCC_WARN_ABOUT_RETURN_TYPE = YES_ERROR;
				GCC_WARN_UNDECLARED_SELECTOR = YES;
				GCC_WARN_UNINITIALIZED_AUTOS = YES_AGGRESSIVE;
				GCC_WARN_UNUSED_FUNCTION = YES;
				GCC_WARN_UNUSED_VARIABLE = YES;
				IPHONEOS_DEPLOYMENT_TARGET = 13.2;
				MTL_ENABLE_DEBUG_INFO = INCLUDE_SOURCE;
				MTL_FAST_MATH = YES;
				ONLY_ACTIVE_ARCH = YES;
				SDKROOT = iphoneos;
				SWIFT_ACTIVE_COMPILATION_CONDITIONS = DEBUG;
				SWIFT_OPTIMIZATION_LEVEL = "-Onone";
			};
			name = Debug;
		};
		6D7DA4F624168C4800533201 /* Release */ = {
			isa = XCBuildConfiguration;
			buildSettings = {
				ALWAYS_SEARCH_USER_PATHS = NO;
				CLANG_ANALYZER_NONNULL = YES;
				CLANG_ANALYZER_NUMBER_OBJECT_CONVERSION = YES_AGGRESSIVE;
				CLANG_CXX_LANGUAGE_STANDARD = "gnu++14";
				CLANG_CXX_LIBRARY = "libc++";
				CLANG_ENABLE_MODULES = YES;
				CLANG_ENABLE_OBJC_ARC = YES;
				CLANG_ENABLE_OBJC_WEAK = YES;
				CLANG_WARN_BLOCK_CAPTURE_AUTORELEASING = YES;
				CLANG_WARN_BOOL_CONVERSION = YES;
				CLANG_WARN_COMMA = YES;
				CLANG_WARN_CONSTANT_CONVERSION = YES;
				CLANG_WARN_DEPRECATED_OBJC_IMPLEMENTATIONS = YES;
				CLANG_WARN_DIRECT_OBJC_ISA_USAGE = YES_ERROR;
				CLANG_WARN_DOCUMENTATION_COMMENTS = YES;
				CLANG_WARN_EMPTY_BODY = YES;
				CLANG_WARN_ENUM_CONVERSION = YES;
				CLANG_WARN_INFINITE_RECURSION = YES;
				CLANG_WARN_INT_CONVERSION = YES;
				CLANG_WARN_NON_LITERAL_NULL_CONVERSION = YES;
				CLANG_WARN_OBJC_IMPLICIT_RETAIN_SELF = YES;
				CLANG_WARN_OBJC_LITERAL_CONVERSION = YES;
				CLANG_WARN_OBJC_ROOT_CLASS = YES_ERROR;
				CLANG_WARN_RANGE_LOOP_ANALYSIS = YES;
				CLANG_WARN_STRICT_PROTOTYPES = YES;
				CLANG_WARN_SUSPICIOUS_MOVE = YES;
				CLANG_WARN_UNGUARDED_AVAILABILITY = YES_AGGRESSIVE;
				CLANG_WARN_UNREACHABLE_CODE = YES;
				CLANG_WARN__DUPLICATE_METHOD_MATCH = YES;
				COPY_PHASE_STRIP = NO;
				DEBUG_INFORMATION_FORMAT = "dwarf-with-dsym";
				ENABLE_NS_ASSERTIONS = NO;
				ENABLE_STRICT_OBJC_MSGSEND = YES;
				GCC_C_LANGUAGE_STANDARD = gnu11;
				GCC_NO_COMMON_BLOCKS = YES;
				GCC_WARN_64_TO_32_BIT_CONVERSION = YES;
				GCC_WARN_ABOUT_RETURN_TYPE = YES_ERROR;
				GCC_WARN_UNDECLARED_SELECTOR = YES;
				GCC_WARN_UNINITIALIZED_AUTOS = YES_AGGRESSIVE;
				GCC_WARN_UNUSED_FUNCTION = YES;
				GCC_WARN_UNUSED_VARIABLE = YES;
				IPHONEOS_DEPLOYMENT_TARGET = 13.2;
				MTL_ENABLE_DEBUG_INFO = NO;
				MTL_FAST_MATH = YES;
				SDKROOT = iphoneos;
				SWIFT_COMPILATION_MODE = wholemodule;
				SWIFT_OPTIMIZATION_LEVEL = "-O";
				VALIDATE_PRODUCT = YES;
			};
			name = Release;
		};
		6D7DA4F824168C4800533201 /* Debug */ = {
			isa = XCBuildConfiguration;
			baseConfigurationReference = BE3484BEE5D93216C41BC962 /* Pods-SwiftPortfolio.debug.xcconfig */;
			buildSettings = {
				ASSETCATALOG_COMPILER_APPICON_NAME = AppIcon;
				CODE_SIGN_STYLE = Automatic;
				INFOPLIST_FILE = SwiftPortfolio/Info.plist;
				LD_RUNPATH_SEARCH_PATHS = (
					"$(inherited)",
					"@executable_path/Frameworks",
				);
				PRODUCT_BUNDLE_IDENTIFIER = MCode.SwiftPortfolio;
				PRODUCT_NAME = "$(TARGET_NAME)";
				SWIFT_VERSION = 5.0;
				TARGETED_DEVICE_FAMILY = "1,2";
			};
			name = Debug;
		};
		6D7DA4F924168C4800533201 /* Release */ = {
			isa = XCBuildConfiguration;
			baseConfigurationReference = BB24C0E3173275C0B9B136B7 /* Pods-SwiftPortfolio.release.xcconfig */;
			buildSettings = {
				ASSETCATALOG_COMPILER_APPICON_NAME = AppIcon;
				CODE_SIGN_STYLE = Automatic;
				INFOPLIST_FILE = SwiftPortfolio/Info.plist;
				LD_RUNPATH_SEARCH_PATHS = (
					"$(inherited)",
					"@executable_path/Frameworks",
				);
				PRODUCT_BUNDLE_IDENTIFIER = MCode.SwiftPortfolio;
				PRODUCT_NAME = "$(TARGET_NAME)";
				SWIFT_VERSION = 5.0;
				TARGETED_DEVICE_FAMILY = "1,2";
			};
			name = Release;
		};
/* End XCBuildConfiguration section */

/* Begin XCConfigurationList section */
		6D7DA4DE24168C4600533201 /* Build configuration list for PBXProject "SwiftPortfolio" */ = {
			isa = XCConfigurationList;
			buildConfigurations = (
				6D7DA4F524168C4800533201 /* Debug */,
				6D7DA4F624168C4800533201 /* Release */,
			);
			defaultConfigurationIsVisible = 0;
			defaultConfigurationName = Release;
		};
		6D7DA4F724168C4800533201 /* Build configuration list for PBXNativeTarget "SwiftPortfolio" */ = {
			isa = XCConfigurationList;
			buildConfigurations = (
				6D7DA4F824168C4800533201 /* Debug */,
				6D7DA4F924168C4800533201 /* Release */,
			);
			defaultConfigurationIsVisible = 0;
			defaultConfigurationName = Release;
		};
/* End XCConfigurationList section */
	};
	rootObject = 6D7DA4DB24168C4600533201 /* Project object */;
}
